
Microsoft Visual Studio Solution File, Format Version 12.00
# Visual Studio Version 16
VisualStudioVersion = 16.0.32510.428
MinimumVisualStudioVersion = 10.0.40219.1
Project("{FAE04EC0-301F-11D3-BF4B-00C04F79EFBC}") = "ExGenerics", "ExGenerics\ExGenerics.csproj", "{70EF9AEA-0C7F-4036-BA33-5BBE172EE750}"
EndProject
Global
	GlobalSection(SolutionConfigurationPlatforms) = preSolution
		Debug|Any CPU = Debug|Any CPU
		Release|Any CPU = Release|Any CPU
	EndGlobalSection
	GlobalSection(ProjectConfigurationPlatforms) = postSolution
		{70EF9AEA-0C7F-4036-BA33-5BBE172EE750}.Debug|Any CPU.ActiveCfg = Debug|Any CPU
		{70EF9AEA-0C7F-4036-BA33-5BBE172EE750}.Debug|Any CPU.Build.0 = Debug|Any CPU
		{70EF9AEA-0C7F-4036-BA33-5BBE172EE750}.Release|Any CPU.ActiveCfg = Release|Any CPU
		{70EF9AEA-0C7F-4036-BA33-5BBE172EE750}.Release|Any CPU.Build.0 = Release|Any CPU
	EndGlobalSection
	GlobalSection(SolutionProperties) = preSolution
		HideSolutionNode = FALSE
	EndGlobalSection
	GlobalSection(ExtensibilityGlobals) = postSolution
		SolutionGuid = {DE0BCF17-AE95-4E0B-B352-DC8DABD38654}
	EndGlobalSection
EndGlobal
